<?xml version="1.0" encoding="utf-8"?>
<Project ToolsVersion="4.0" xmlns="http://schemas.microsoft.com/developer/msbuild/2003">
  <ItemGroup>
    <CudaCompile Include="Main.cu" />
  </ItemGroup>
  <ItemGroup>
    <Filter Include="data">
      <UniqueIdentifier>{8f2657ea-44b2-467e-ae51-4a8b6ab337f9}</UniqueIdentifier>
    </Filter>
  </ItemGroup>
  <ItemGroup>
    <None Include="data\heart_X.csv">
      <Filter>data</Filter>
    </None>
    <None Include="data\heart_y.csv">
      <Filter>data</Filter>
    </None>
    <None Include="data\real_estate_X.csv">
      <Filter>data</Filter>
    </None>
    <None Include="data\real_estate_y.csv">
      <Filter>data</Filter>
    </None>
    <None Include="data\X_simple_lin.csv">
      <Filter>data</Filter>
    </None>
    <None Include="data\y_simple_lin.csv">
      <Filter>data</Filter>
    </None>
  </ItemGroup>
</Project>